
Microsoft Visual Studio Solution File, Format Version 12.00
# Visual Studio 15
VisualStudioVersion = 15.0.28307.1705
MinimumVisualStudioVersion = 10.0.40219.1
Project("{FAE04EC0-301F-11D3-BF4B-00C04F79EFBC}") = "Practice_nodes", "Practice_nodes\Practice_nodes.csproj", "{2E2B6BB6-8433-43C2-A5CA-5395AE5B71CC}"
EndProject
Global
	GlobalSection(SolutionConfigurationPlatforms) = preSolution
		Debug|Any CPU = Debug|Any CPU
		Release|Any CPU = Release|Any CPU
	EndGlobalSection
	GlobalSection(ProjectConfigurationPlatforms) = postSolution
		{2E2B6BB6-8433-43C2-A5CA-5395AE5B71CC}.Debug|Any CPU.ActiveCfg = Debug|Any CPU
		{2E2B6BB6-8433-43C2-A5CA-5395AE5B71CC}.Debug|Any CPU.Build.0 = Debug|Any CPU
		{2E2B6BB6-8433-43C2-A5CA-5395AE5B71CC}.Release|Any CPU.ActiveCfg = Release|Any CPU
		{2E2B6BB6-8433-43C2-A5CA-5395AE5B71CC}.Release|Any CPU.Build.0 = Release|Any CPU
	EndGlobalSection
	GlobalSection(SolutionProperties) = preSolution
		HideSolutionNode = FALSE
	EndGlobalSection
	GlobalSection(ExtensibilityGlobals) = postSolution
		SolutionGuid = {3C14DBCE-B07A-4001-B26B-5E49D4EFFA66}
	EndGlobalSection
EndGlobal
